
Microsoft Visual Studio Solution File, Format Version 12.00
# Visual Studio Version 17
VisualStudioVersion = 17.14.36908.2
MinimumVisualStudioVersion = 10.0.40219.1
Project("{2150E333-8FDC-42A3-9474-1A3956D46DE8}") = "src", "src", "{02EA681E-C7D8-13C7-8484-4AC65E1B71E8}"
EndProject
Project("{FAE04EC0-301F-11D3-BF4B-00C04F79EFBC}") = "Api", "Api\Api.csproj", "{C4D16127-D2D8-4AA6-B365-F80E09FA9BCC}"
EndProject
Project("{2150E333-8FDC-42A3-9474-1A3956D46DE8}") = "tests", "tests", "{240ABA77-AFB3-4EDD-8DFF-6D3675F934B0}"
EndProject
Project("{2150E333-8FDC-42A3-9474-1A3956D46DE8}") = "docs", "docs", "{0432470E-3159-431C-9C7E-96CD86C04DAB}"
	ProjectSection(SolutionItems) = preProject
		Documents\leitsc_law_enforcement_rms_systems.pdf = Documents\leitsc_law_enforcement_rms_systems.pdf
	EndProjectSection
EndProject
Project("{FAE04EC0-301F-11D3-BF4B-00C04F79EFBC}") = "Modules.Records.Application", "Modules.Records.Application\Modules.Records.Application.csproj", "{0D08816F-BFE9-462F-A5C8-694650452A62}"
EndProject
Project("{FAE04EC0-301F-11D3-BF4B-00C04F79EFBC}") = "Modules.Records.Domain", "Modules.Records.Domain\Modules.Records.Domain.csproj", "{DE8CBD5F-905E-4CF1-A8E9-C748BA6390E1}"
EndProject
Project("{FAE04EC0-301F-11D3-BF4B-00C04F79EFBC}") = "Shared.Infrastructure", "Shared.Infrastructure\Shared.Infrastructure.csproj", "{27CA40B5-EF98-4B0B-812D-07F47C0829AA}"
EndProject
Project("{FAE04EC0-301F-11D3-BF4B-00C04F79EFBC}") = "Modules.Records.Application.Tests", "Modules.Records.Application.Tests\Modules.Records.Application.Tests.csproj", "{FE9C5E47-F135-4F47-803D-4DA25275411F}"
	ProjectSection(ProjectDependencies) = postProject
		{DE8CBD5F-905E-4CF1-A8E9-C748BA6390E1} = {DE8CBD5F-905E-4CF1-A8E9-C748BA6390E1}
	EndProjectSection
EndProject
Project("{FAE04EC0-301F-11D3-BF4B-00C04F79EFBC}") = "Api.Tests", "Api.Tests\Api.Tests.csproj", "{EB2EAD3A-854D-4BAB-976D-BD9036098669}"
EndProject
Project("{FAE04EC0-301F-11D3-BF4B-00C04F79EFBC}") = "Modules.Records.Domain.Tests", "Modules.Records.Domain.Tests\Modules.Records.Domain.Tests.csproj", "{0E0B0B0D-76CD-4290-A69C-859A59506EA4}"
EndProject
Project("{FAE04EC0-301F-11D3-BF4B-00C04F79EFBC}") = "Infrastructure.IntegrationTests", "Infrastructure.IntegrationTests\Infrastructure.IntegrationTests.csproj", "{D9B568EA-BC18-4DEE-A9D2-9FD984C70E12}"
EndProject
Project("{FAE04EC0-301F-11D3-BF4B-00C04F79EFBC}") = "Modules.Records.UI", "Modules.Records.UI\Modules.Records.UI.csproj", "{B9BB47AA-1C06-4601-B68C-558A7CB0A9DE}"
EndProject
Global
	GlobalSection(SolutionConfigurationPlatforms) = preSolution
		Debug|Any CPU = Debug|Any CPU
		Debug|x64 = Debug|x64
		Debug|x86 = Debug|x86
		Release|Any CPU = Release|Any CPU
		Release|x64 = Release|x64
		Release|x86 = Release|x86
	EndGlobalSection
	GlobalSection(ProjectConfigurationPlatforms) = postSolution
		{C4D16127-D2D8-4AA6-B365-F80E09FA9BCC}.Debug|Any CPU.ActiveCfg = Debug|Any CPU
		{C4D16127-D2D8-4AA6-B365-F80E09FA9BCC}.Debug|Any CPU.Build.0 = Debug|Any CPU
		{C4D16127-D2D8-4AA6-B365-F80E09FA9BCC}.Debug|x64.ActiveCfg = Debug|Any CPU
		{C4D16127-D2D8-4AA6-B365-F80E09FA9BCC}.Debug|x64.Build.0 = Debug|Any CPU
		{C4D16127-D2D8-4AA6-B365-F80E09FA9BCC}.Debug|x86.ActiveCfg = Debug|Any CPU
		{C4D16127-D2D8-4AA6-B365-F80E09FA9BCC}.Debug|x86.Build.0 = Debug|Any CPU
		{C4D16127-D2D8-4AA6-B365-F80E09FA9BCC}.Release|Any CPU.ActiveCfg = Release|Any CPU
		{C4D16127-D2D8-4AA6-B365-F80E09FA9BCC}.Release|Any CPU.Build.0 = Release|Any CPU
		{C4D16127-D2D8-4AA6-B365-F80E09FA9BCC}.Release|x64.ActiveCfg = Release|Any CPU
		{C4D16127-D2D8-4AA6-B365-F80E09FA9BCC}.Release|x64.Build.0 = Release|Any CPU
		{C4D16127-D2D8-4AA6-B365-F80E09FA9BCC}.Release|x86.ActiveCfg = Release|Any CPU
		{C4D16127-D2D8-4AA6-B365-F80E09FA9BCC}.Release|x86.Build.0 = Release|Any CPU
		{0D08816F-BFE9-462F-A5C8-694650452A62}.Debug|Any CPU.ActiveCfg = Debug|Any CPU
		{0D08816F-BFE9-462F-A5C8-694650452A62}.Debug|Any CPU.Build.0 = Debug|Any CPU
		{0D08816F-BFE9-462F-A5C8-694650452A62}.Debug|x64.ActiveCfg = Debug|Any CPU
		{0D08816F-BFE9-462F-A5C8-694650452A62}.Debug|x64.Build.0 = Debug|Any CPU
		{0D08816F-BFE9-462F-A5C8-694650452A62}.Debug|x86.ActiveCfg = Debug|Any CPU
		{0D08816F-BFE9-462F-A5C8-694650452A62}.Debug|x86.Build.0 = Debug|Any CPU
		{0D08816F-BFE9-462F-A5C8-694650452A62}.Release|Any CPU.ActiveCfg = Release|Any CPU
		{0D08816F-BFE9-462F-A5C8-694650452A62}.Release|Any CPU.Build.0 = Release|Any CPU
		{0D08816F-BFE9-462F-A5C8-694650452A62}.Release|x64.ActiveCfg = Release|Any CPU
		{0D08816F-BFE9-462F-A5C8-694650452A62}.Release|x64.Build.0 = Release|Any CPU
		{0D08816F-BFE9-462F-A5C8-694650452A62}.Release|x86.ActiveCfg = Release|Any CPU
		{0D08816F-BFE9-462F-A5C8-694650452A62}.Release|x86.Build.0 = Release|Any CPU
		{DE8CBD5F-905E-4CF1-A8E9-C748BA6390E1}.Debug|Any CPU.ActiveCfg = Debug|Any CPU
		{DE8CBD5F-905E-4CF1-A8E9-C748BA6390E1}.Debug|Any CPU.Build.0 = Debug|Any CPU
		{DE8CBD5F-905E-4CF1-A8E9-C748BA6390E1}.Debug|x64.ActiveCfg = Debug|Any CPU
		{DE8CBD5F-905E-4CF1-A8E9-C748BA6390E1}.Debug|x64.Build.0 = Debug|Any CPU
		{DE8CBD5F-905E-4CF1-A8E9-C748BA6390E1}.Debug|x86.ActiveCfg = Debug|Any CPU
		{DE8CBD5F-905E-4CF1-A8E9-C748BA6390E1}.Debug|x86.Build.0 = Debug|Any CPU
		{DE8CBD5F-905E-4CF1-A8E9-C748BA6390E1}.Release|Any CPU.ActiveCfg = Release|Any CPU
		{DE8CBD5F-905E-4CF1-A8E9-C748BA6390E1}.Release|Any CPU.Build.0 = Release|Any CPU
		{DE8CBD5F-905E-4CF1-A8E9-C748BA6390E1}.Release|x64.ActiveCfg = Release|Any CPU
		{DE8CBD5F-905E-4CF1-A8E9-C748BA6390E1}.Release|x64.Build.0 = Release|Any CPU
		{DE8CBD5F-905E-4CF1-A8E9-C748BA6390E1}.Release|x86.ActiveCfg = Release|Any CPU
		{DE8CBD5F-905E-4CF1-A8E9-C748BA6390E1}.Release|x86.Build.0 = Release|Any CPU
		{27CA40B5-EF98-4B0B-812D-07F47C0829AA}.Debug|Any CPU.ActiveCfg = Debug|Any CPU
		{27CA40B5-EF98-4B0B-812D-07F47C0829AA}.Debug|Any CPU.Build.0 = Debug|Any CPU
		{27CA40B5-EF98-4B0B-812D-07F47C0829AA}.Debug|x64.ActiveCfg = Debug|Any CPU
		{27CA40B5-EF98-4B0B-812D-07F47C0829AA}.Debug|x64.Build.0 = Debug|Any CPU
		{27CA40B5-EF98-4B0B-812D-07F47C0829AA}.Debug|x86.ActiveCfg = Debug|Any CPU
		{27CA40B5-EF98-4B0B-812D-07F47C0829AA}.Debug|x86.Build.0 = Debug|Any CPU
		{27CA40B5-EF98-4B0B-812D-07F47C0829AA}.Release|Any CPU.ActiveCfg = Release|Any CPU
		{27CA40B5-EF98-4B0B-812D-07F47C0829AA}.Release|Any CPU.Build.0 = Release|Any CPU
		{27CA40B5-EF98-4B0B-812D-07F47C0829AA}.Release|x64.ActiveCfg = Release|Any CPU
		{27CA40B5-EF98-4B0B-812D-07F47C0829AA}.Release|x64.Build.0 = Release|Any CPU
		{27CA40B5-EF98-4B0B-812D-07F47C0829AA}.Release|x86.ActiveCfg = Release|Any CPU
		{27CA40B5-EF98-4B0B-812D-07F47C0829AA}.Release|x86.Build.0 = Release|Any CPU
		{FE9C5E47-F135-4F47-803D-4DA25275411F}.Debug|Any CPU.ActiveCfg = Debug|Any CPU
		{FE9C5E47-F135-4F47-803D-4DA25275411F}.Debug|Any CPU.Build.0 = Debug|Any CPU
		{FE9C5E47-F135-4F47-803D-4DA25275411F}.Debug|x64.ActiveCfg = Debug|Any CPU
		{FE9C5E47-F135-4F47-803D-4DA25275411F}.Debug|x64.Build.0 = Debug|Any CPU
		{FE9C5E47-F135-4F47-803D-4DA25275411F}.Debug|x86.ActiveCfg = Debug|Any CPU
		{FE9C5E47-F135-4F47-803D-4DA25275411F}.Debug|x86.Build.0 = Debug|Any CPU
		{FE9C5E47-F135-4F47-803D-4DA25275411F}.Release|Any CPU.ActiveCfg = Release|Any CPU
		{FE9C5E47-F135-4F47-803D-4DA25275411F}.Release|Any CPU.Build.0 = Release|Any CPU
		{FE9C5E47-F135-4F47-803D-4DA25275411F}.Release|x64.ActiveCfg = Release|Any CPU
		{FE9C5E47-F135-4F47-803D-4DA25275411F}.Release|x64.Build.0 = Release|Any CPU
		{FE9C5E47-F135-4F47-803D-4DA25275411F}.Release|x86.ActiveCfg = Release|Any CPU
		{FE9C5E47-F135-4F47-803D-4DA25275411F}.Release|x86.Build.0 = Release|Any CPU
		{EB2EAD3A-854D-4BAB-976D-BD9036098669}.Debug|Any CPU.ActiveCfg = Debug|Any CPU
		{EB2EAD3A-854D-4BAB-976D-BD9036098669}.Debug|Any CPU.Build.0 = Debug|Any CPU
		{EB2EAD3A-854D-4BAB-976D-BD9036098669}.Debug|x64.ActiveCfg = Debug|Any CPU
		{EB2EAD3A-854D-4BAB-976D-BD9036098669}.Debug|x64.Build.0 = Debug|Any CPU
		{EB2EAD3A-854D-4BAB-976D-BD9036098669}.Debug|x86.ActiveCfg = Debug|Any CPU
		{EB2EAD3A-854D-4BAB-976D-BD9036098669}.Debug|x86.Build.0 = Debug|Any CPU
		{EB2EAD3A-854D-4BAB-976D-BD9036098669}.Release|Any CPU.ActiveCfg = Release|Any CPU
		{EB2EAD3A-854D-4BAB-976D-BD9036098669}.Release|Any CPU.Build.0 = Release|Any CPU
		{EB2EAD3A-854D-4BAB-976D-BD9036098669}.Release|x64.ActiveCfg = Release|Any CPU
		{EB2EAD3A-854D-4BAB-976D-BD9036098669}.Release|x64.Build.0 = Release|Any CPU
		{EB2EAD3A-854D-4BAB-976D-BD9036098669}.Release|x86.ActiveCfg = Release|Any CPU
		{EB2EAD3A-854D-4BAB-976D-BD9036098669}.Release|x86.Build.0 = Release|Any CPU
		{0E0B0B0D-76CD-4290-A69C-859A59506EA4}.Debug|Any CPU.ActiveCfg = Debug|Any CPU
		{0E0B0B0D-76CD-4290-A69C-859A59506EA4}.Debug|Any CPU.Build.0 = Debug|Any CPU
		{0E0B0B0D-76CD-4290-A69C-859A59506EA4}.Debug|x64.ActiveCfg = Debug|Any CPU
		{0E0B0B0D-76CD-4290-A69C-859A59506EA4}.Debug|x64.Build.0 = Debug|Any CPU
		{0E0B0B0D-76CD-4290-A69C-859A59506EA4}.Debug|x86.ActiveCfg = Debug|Any CPU
		{0E0B0B0D-76CD-4290-A69C-859A59506EA4}.Debug|x86.Build.0 = Debug|Any CPU
		{0E0B0B0D-76CD-4290-A69C-859A59506EA4}.Release|Any CPU.ActiveCfg = Release|Any CPU
		{0E0B0B0D-76CD-4290-A69C-859A59506EA4}.Release|Any CPU.Build.0 = Release|Any CPU
		{0E0B0B0D-76CD-4290-A69C-859A59506EA4}.Release|x64.ActiveCfg = Release|Any CPU
		{0E0B0B0D-76CD-4290-A69C-859A59506EA4}.Release|x64.Build.0 = Release|Any CPU
		{0E0B0B0D-76CD-4290-A69C-859A59506EA4}.Release|x86.ActiveCfg = Release|Any CPU
		{0E0B0B0D-76CD-4290-A69C-859A59506EA4}.Release|x86.Build.0 = Release|Any CPU
		{D9B568EA-BC18-4DEE-A9D2-9FD984C70E12}.Debug|Any CPU.ActiveCfg = Debug|Any CPU
		{D9B568EA-BC18-4DEE-A9D2-9FD984C70E12}.Debug|Any CPU.Build.0 = Debug|Any CPU
		{D9B568EA-BC18-4DEE-A9D2-9FD984C70E12}.Debug|x64.ActiveCfg = Debug|Any CPU
		{D9B568EA-BC18-4DEE-A9D2-9FD984C70E12}.Debug|x64.Build.0 = Debug|Any CPU
		{D9B568EA-BC18-4DEE-A9D2-9FD984C70E12}.Debug|x86.ActiveCfg = Debug|Any CPU
		{D9B568EA-BC18-4DEE-A9D2-9FD984C70E12}.Debug|x86.Build.0 = Debug|Any CPU
		{D9B568EA-BC18-4DEE-A9D2-9FD984C70E12}.Release|Any CPU.ActiveCfg = Release|Any CPU
		{D9B568EA-BC18-4DEE-A9D2-9FD984C70E12}.Release|Any CPU.Build.0 = Release|Any CPU
		{D9B568EA-BC18-4DEE-A9D2-9FD984C70E12}.Release|x64.ActiveCfg = Release|Any CPU
		{D9B568EA-BC18-4DEE-A9D2-9FD984C70E12}.Release|x64.Build.0 = Release|Any CPU
		{D9B568EA-BC18-4DEE-A9D2-9FD984C70E12}.Release|x86.ActiveCfg = Release|Any CPU
		{D9B568EA-BC18-4DEE-A9D2-9FD984C70E12}.Release|x86.Build.0 = Release|Any CPU
		{B9BB47AA-1C06-4601-B68C-558A7CB0A9DE}.Debug|Any CPU.ActiveCfg = Debug|Any CPU
		{B9BB47AA-1C06-4601-B68C-558A7CB0A9DE}.Debug|Any CPU.Build.0 = Debug|Any CPU
		{B9BB47AA-1C06-4601-B68C-558A7CB0A9DE}.Debug|x64.ActiveCfg = Debug|Any CPU
		{B9BB47AA-1C06-4601-B68C-558A7CB0A9DE}.Debug|x64.Build.0 = Debug|Any CPU
		{B9BB47AA-1C06-4601-B68C-558A7CB0A9DE}.Debug|x86.ActiveCfg = Debug|Any CPU
		{B9BB47AA-1C06-4601-B68C-558A7CB0A9DE}.Debug|x86.Build.0 = Debug|Any CPU
		{B9BB47AA-1C06-4601-B68C-558A7CB0A9DE}.Release|Any CPU.ActiveCfg = Release|Any CPU
		{B9BB47AA-1C06-4601-B68C-558A7CB0A9DE}.Release|Any CPU.Build.0 = Release|Any CPU
		{B9BB47AA-1C06-4601-B68C-558A7CB0A9DE}.Release|x64.ActiveCfg = Release|Any CPU
		{B9BB47AA-1C06-4601-B68C-558A7CB0A9DE}.Release|x64.Build.0 = Release|Any CPU
		{B9BB47AA-1C06-4601-B68C-558A7CB0A9DE}.Release|x86.ActiveCfg = Release|Any CPU
		{B9BB47AA-1C06-4601-B68C-558A7CB0A9DE}.Release|x86.Build.0 = Release|Any CPU
	EndGlobalSection
	GlobalSection(SolutionProperties) = preSolution
		HideSolutionNode = FALSE
	EndGlobalSection
	GlobalSection(NestedProjects) = preSolution
		{C4D16127-D2D8-4AA6-B365-F80E09FA9BCC} = {02EA681E-C7D8-13C7-8484-4AC65E1B71E8}
		{0D08816F-BFE9-462F-A5C8-694650452A62} = {02EA681E-C7D8-13C7-8484-4AC65E1B71E8}
		{DE8CBD5F-905E-4CF1-A8E9-C748BA6390E1} = {02EA681E-C7D8-13C7-8484-4AC65E1B71E8}
		{27CA40B5-EF98-4B0B-812D-07F47C0829AA} = {02EA681E-C7D8-13C7-8484-4AC65E1B71E8}
		{FE9C5E47-F135-4F47-803D-4DA25275411F} = {240ABA77-AFB3-4EDD-8DFF-6D3675F934B0}
		{EB2EAD3A-854D-4BAB-976D-BD9036098669} = {240ABA77-AFB3-4EDD-8DFF-6D3675F934B0}
		{0E0B0B0D-76CD-4290-A69C-859A59506EA4} = {240ABA77-AFB3-4EDD-8DFF-6D3675F934B0}
		{D9B568EA-BC18-4DEE-A9D2-9FD984C70E12} = {240ABA77-AFB3-4EDD-8DFF-6D3675F934B0}
		{B9BB47AA-1C06-4601-B68C-558A7CB0A9DE} = {02EA681E-C7D8-13C7-8484-4AC65E1B71E8}
	EndGlobalSection
	GlobalSection(ExtensibilityGlobals) = postSolution
		SolutionGuid = {3779F163-127A-47E4-8853-99C5A6D28E53}
	EndGlobalSection
EndGlobal
